
Microsoft Visual Studio Solution File, Format Version 12.00
# Visual Studio Version 16
VisualStudioVersion = 16.0.29519.87
MinimumVisualStudioVersion = 10.0.40219.1
Project("{FAE04EC0-301F-11D3-BF4B-00C04F79EFBC}") = "BloodBankWPFApplication", "BloodBankWPFApplication\BloodBankWPFApplication.csproj", "{A52A9A9E-228E-4C8A-98D3-8058383B5C72}"
EndProject
Global
	GlobalSection(SolutionConfigurationPlatforms) = preSolution
		Debug|Any CPU = Debug|Any CPU
		Release|Any CPU = Release|Any CPU
	EndGlobalSection
	GlobalSection(ProjectConfigurationPlatforms) = postSolution
		{A52A9A9E-228E-4C8A-98D3-8058383B5C72}.Debug|Any CPU.ActiveCfg = Debug|Any CPU
		{A52A9A9E-228E-4C8A-98D3-8058383B5C72}.Debug|Any CPU.Build.0 = Debug|Any CPU
		{A52A9A9E-228E-4C8A-98D3-8058383B5C72}.Release|Any CPU.ActiveCfg = Release|Any CPU
		{A52A9A9E-228E-4C8A-98D3-8058383B5C72}.Release|Any CPU.Build.0 = Release|Any CPU
	EndGlobalSection
	GlobalSection(SolutionProperties) = preSolution
		HideSolutionNode = FALSE
	EndGlobalSection
	GlobalSection(ExtensibilityGlobals) = postSolution
		SolutionGuid = {97FF7B07-7961-4A65-BE4B-9805EAB2D2A7}
	EndGlobalSection
EndGlobal
